
Microsoft Visual Studio Solution File, Format Version 12.00
# Visual Studio Version 17
VisualStudioVersion = 17.0.31612.314
MinimumVisualStudioVersion = 10.0.40219.1
Project("{FAE04EC0-301F-11D3-BF4B-00C04F79EFBC}") = "MyFrom", "MyFrom\MyFrom.csproj", "{54BBBCF6-6649-413D-BE66-2931EC6B1D67}"
EndProject
Global
	GlobalSection(SolutionConfigurationPlatforms) = preSolution
		Debug|Any CPU = Debug|Any CPU
		Release|Any CPU = Release|Any CPU
	EndGlobalSection
	GlobalSection(ProjectConfigurationPlatforms) = postSolution
		{54BBBCF6-6649-413D-BE66-2931EC6B1D67}.Debug|Any CPU.ActiveCfg = Debug|Any CPU
		{54BBBCF6-6649-413D-BE66-2931EC6B1D67}.Debug|Any CPU.Build.0 = Debug|Any CPU
		{54BBBCF6-6649-413D-BE66-2931EC6B1D67}.Release|Any CPU.ActiveCfg = Release|Any CPU
		{54BBBCF6-6649-413D-BE66-2931EC6B1D67}.Release|Any CPU.Build.0 = Release|Any CPU
	EndGlobalSection
	GlobalSection(SolutionProperties) = preSolution
		HideSolutionNode = FALSE
	EndGlobalSection
	GlobalSection(ExtensibilityGlobals) = postSolution
		SolutionGuid = {977CC28C-06F0-41F9-B3B3-A928178A8F50}
	EndGlobalSection
EndGlobal
